// !$*UTF8*$!
{
	archiveVersion = 1;
	classes = {
	};
	objectVersion = 56;
	objects = {

/* Begin PBXBuildFile section */
		641977192AB60370004CFB78 /* feature.recipe in Frameworks */ = {isa = PBXBuildFile; productRef = 641977182AB60370004CFB78 /* feature.recipe */; };
		6419771B2AB60370004CFB78 /* infrastructure.dependencyContainer in Frameworks */ = {isa = PBXBuildFile; productRef = 6419771A2AB60370004CFB78 /* infrastructure.dependencyContainer */; };
		6419771D2AB60370004CFB78 /* infrastructure.dependencyManager in Frameworks */ = {isa = PBXBuildFile; productRef = 6419771C2AB60370004CFB78 /* infrastructure.dependencyManager */; };
		644432852AB5F4DF00106971 /* ios_clean_arch_exampleApp.swift in Sources */ = {isa = PBXBuildFile; fileRef = 644432842AB5F4DF00106971 /* ios_clean_arch_exampleApp.swift */; };
		644432892AB5F4E000106971 /* Assets.xcassets in Resources */ = {isa = PBXBuildFile; fileRef = 644432882AB5F4E000106971 /* Assets.xcassets */; };
		6444328C2AB5F4E000106971 /* Preview Assets.xcassets in Resources */ = {isa = PBXBuildFile; fileRef = 6444328B2AB5F4E000106971 /* Preview Assets.xcassets */; };
		644432A52AB5F9AC00106971 /* RecipesScreen.swift in Sources */ = {isa = PBXBuildFile; fileRef = 644432A42AB5F9AC00106971 /* RecipesScreen.swift */; };
/* End PBXBuildFile section */

/* Begin PBXFileReference section */
		6419771E2AB61871004CFB78 /* README.md */ = {isa = PBXFileReference; lastKnownFileType = net.daringfireball.markdown; path = README.md; sourceTree = "<group>"; };
		644432812AB5F4DF00106971 /* ios-clean-arch-example.app */ = {isa = PBXFileReference; explicitFileType = wrapper.application; includeInIndex = 0; path = "ios-clean-arch-example.app"; sourceTree = BUILT_PRODUCTS_DIR; };
		644432842AB5F4DF00106971 /* ios_clean_arch_exampleApp.swift */ = {isa = PBXFileReference; lastKnownFileType = sourcecode.swift; path = ios_clean_arch_exampleApp.swift; sourceTree = "<group>"; };
		644432882AB5F4E000106971 /* Assets.xcassets */ = {isa = PBXFileReference; lastKnownFileType = folder.assetcatalog; path = Assets.xcassets; sourceTree = "<group>"; };
		6444328B2AB5F4E000106971 /* Preview Assets.xcassets */ = {isa = PBXFileReference; lastKnownFileType = folder.assetcatalog; path = "Preview Assets.xcassets"; sourceTree = "<group>"; };
		644432A42AB5F9AC00106971 /* RecipesScreen.swift */ = {isa = PBXFileReference; lastKnownFileType = sourcecode.swift; path = RecipesScreen.swift; sourceTree = "<group>"; };
		644432CB2AB6033400106971 /* data.recipe */ = {isa = PBXFileReference; lastKnownFileType = wrapper; name = data.recipe; path = "ios-clean-arch-example/Packages/data.recipe"; sourceTree = "<group>"; };
		644432CC2AB6033400106971 /* feature.recipe */ = {isa = PBXFileReference; lastKnownFileType = wrapper; name = feature.recipe; path = "ios-clean-arch-example/Packages/feature.recipe"; sourceTree = "<group>"; };
		644432CD2AB6033400106971 /* infrastructure.network */ = {isa = PBXFileReference; lastKnownFileType = wrapper; name = infrastructure.network; path = "ios-clean-arch-example/Packages/infrastructure.network"; sourceTree = "<group>"; };
		644432CE2AB6033400106971 /* domain.recipe */ = {isa = PBXFileReference; lastKnownFileType = wrapper; name = domain.recipe; path = "ios-clean-arch-example/Packages/domain.recipe"; sourceTree = "<group>"; };
		644432CF2AB6033400106971 /* infrastructure.dependencyManager */ = {isa = PBXFileReference; lastKnownFileType = wrapper; name = infrastructure.dependencyManager; path = "ios-clean-arch-example/Packages/infrastructure.dependencyManager"; sourceTree = "<group>"; };
		644432D02AB6033400106971 /* infrastructure.dependencyContainer */ = {isa = PBXFileReference; lastKnownFileType = wrapper; name = infrastructure.dependencyContainer; path = "ios-clean-arch-example/Packages/infrastructure.dependencyContainer"; sourceTree = "<group>"; };
/* End PBXFileReference section */

/* Begin PBXFrameworksBuildPhase section */
		6444327E2AB5F4DF00106971 /* Frameworks */ = {
			isa = PBXFrameworksBuildPhase;
			buildActionMask = 2147483647;
			files = (
				6419771D2AB60370004CFB78 /* infrastructure.dependencyManager in Frameworks */,
				641977192AB60370004CFB78 /* feature.recipe in Frameworks */,
				6419771B2AB60370004CFB78 /* infrastructure.dependencyContainer in Frameworks */,
			);
			runOnlyForDeploymentPostprocessing = 0;
		};
/* End PBXFrameworksBuildPhase section */

/* Begin PBXGroup section */
		641977172AB60370004CFB78 /* Frameworks */ = {
			isa = PBXGroup;
			children = (
			);
			name = Frameworks;
			sourceTree = "<group>";
		};
		644432782AB5F4DF00106971 = {
			isa = PBXGroup;
			children = (
				6419771E2AB61871004CFB78 /* README.md */,
				644432BA2AB601CF00106971 /* Packages */,
				644432832AB5F4DF00106971 /* ios-clean-arch-example */,
				644432822AB5F4DF00106971 /* Products */,
				641977172AB60370004CFB78 /* Frameworks */,
			);
			sourceTree = "<group>";
		};
		644432822AB5F4DF00106971 /* Products */ = {
			isa = PBXGroup;
			children = (
				644432812AB5F4DF00106971 /* ios-clean-arch-example.app */,
			);
			name = Products;
			sourceTree = "<group>";
		};
		644432832AB5F4DF00106971 /* ios-clean-arch-example */ = {
			isa = PBXGroup;
			children = (
				644432A22AB5F99800106971 /* Screens */,
				644432842AB5F4DF00106971 /* ios_clean_arch_exampleApp.swift */,
				644432882AB5F4E000106971 /* Assets.xcassets */,
				6444328A2AB5F4E000106971 /* Preview Content */,
			);
			path = "ios-clean-arch-example";
			sourceTree = "<group>";
		};
		6444328A2AB5F4E000106971 /* Preview Content */ = {
			isa = PBXGroup;
			children = (
				6444328B2AB5F4E000106971 /* Preview Assets.xcassets */,
			);
			path = "Preview Content";
			sourceTree = "<group>";
		};
		644432A22AB5F99800106971 /* Screens */ = {
			isa = PBXGroup;
			children = (
				644432A32AB5F9A200106971 /* Recipes */,
			);
			path = Screens;
			sourceTree = "<group>";
		};
		644432A32AB5F9A200106971 /* Recipes */ = {
			isa = PBXGroup;
			children = (
				644432A42AB5F9AC00106971 /* RecipesScreen.swift */,
			);
			path = Recipes;
			sourceTree = "<group>";
		};
		644432BA2AB601CF00106971 /* Packages */ = {
			isa = PBXGroup;
			children = (
				644432CB2AB6033400106971 /* data.recipe */,
				644432CE2AB6033400106971 /* domain.recipe */,
				644432CC2AB6033400106971 /* feature.recipe */,
				644432D02AB6033400106971 /* infrastructure.dependencyContainer */,
				644432CF2AB6033400106971 /* infrastructure.dependencyManager */,
				644432CD2AB6033400106971 /* infrastructure.network */,
			);
			name = Packages;
			sourceTree = "<group>";
		};
/* End PBXGroup section */

/* Begin PBXNativeTarget section */
		644432802AB5F4DF00106971 /* ios-clean-arch-example */ = {
			isa = PBXNativeTarget;
			buildConfigurationList = 6444328F2AB5F4E000106971 /* Build configuration list for PBXNativeTarget "ios-clean-arch-example" */;
			buildPhases = (
				6444327D2AB5F4DF00106971 /* Sources */,
				6444327E2AB5F4DF00106971 /* Frameworks */,
				6444327F2AB5F4DF00106971 /* Resources */,
			);
			buildRules = (
			);
			dependencies = (
			);
			name = "ios-clean-arch-example";
			packageProductDependencies = (
				641977182AB60370004CFB78 /* feature.recipe */,
				6419771A2AB60370004CFB78 /* infrastructure.dependencyContainer */,
				6419771C2AB60370004CFB78 /* infrastructure.dependencyManager */,
			);
			productName = "ios-clean-arch-example";
			productReference = 644432812AB5F4DF00106971 /* ios-clean-arch-example.app */;
			productType = "com.apple.product-type.application";
		};
/* End PBXNativeTarget section */

/* Begin PBXProject section */
		644432792AB5F4DF00106971 /* Project object */ = {
			isa = PBXProject;
			attributes = {
				BuildIndependentTargetsInParallel = 1;
				LastSwiftUpdateCheck = 1430;
				LastUpgradeCheck = 1430;
				TargetAttributes = {
					644432802AB5F4DF00106971 = {
						CreatedOnToolsVersion = 14.3;
					};
				};
			};
			buildConfigurationList = 6444327C2AB5F4DF00106971 /* Build configuration list for PBXProject "ios-clean-arch-example" */;
			compatibilityVersion = "Xcode 14.0";
			developmentRegion = en;
			hasScannedForEncodings = 0;
			knownRegions = (
				en,
				Base,
			);
			mainGroup = 644432782AB5F4DF00106971;
			productRefGroup = 644432822AB5F4DF00106971 /* Products */;
			projectDirPath = "";
			projectRoot = "";
			targets = (
				644432802AB5F4DF00106971 /* ios-clean-arch-example */,
			);
		};
/* End PBXProject section */

/* Begin PBXResourcesBuildPhase section */
		6444327F2AB5F4DF00106971 /* Resources */ = {
			isa = PBXResourcesBuildPhase;
			buildActionMask = 2147483647;
			files = (
				6444328C2AB5F4E000106971 /* Preview Assets.xcassets in Resources */,
				644432892AB5F4E000106971 /* Assets.xcassets in Resources */,
			);
			runOnlyForDeploymentPostprocessing = 0;
		};
/* End PBXResourcesBuildPhase section */

/* Begin PBXSourcesBuildPhase section */
		6444327D2AB5F4DF00106971 /* Sources */ = {
			isa = PBXSourcesBuildPhase;
			buildActionMask = 2147483647;
			files = (
				644432852AB5F4DF00106971 /* ios_clean_arch_exampleApp.swift in Sources */,
				644432A52AB5F9AC00106971 /* RecipesScreen.swift in Sources */,
			);
			runOnlyForDeploymentPostprocessing = 0;
		};
/* End PBXSourcesBuildPhase section */

/* Begin XCBuildConfiguration section */
		6444328D2AB5F4E000106971 /* Debug */ = {
			isa = XCBuildConfiguration;
			buildSettings = {
				ALWAYS_SEARCH_USER_PATHS = NO;
				CLANG_ANALYZER_NONNULL = YES;
				CLANG_ANALYZER_NUMBER_OBJECT_CONVERSION = YES_AGGRESSIVE;
				CLANG_CXX_LANGUAGE_STANDARD = "gnu++20";
				CLANG_ENABLE_MODULES = YES;
				CLANG_ENABLE_OBJC_ARC = YES;
				CLANG_ENABLE_OBJC_WEAK = YES;
				CLANG_WARN_BLOCK_CAPTURE_AUTORELEASING = YES;
				CLANG_WARN_BOOL_CONVERSION = YES;
				CLANG_WARN_COMMA = YES;
				CLANG_WARN_CONSTANT_CONVERSION = YES;
				CLANG_WARN_DEPRECATED_OBJC_IMPLEMENTATIONS = YES;
				CLANG_WARN_DIRECT_OBJC_ISA_USAGE = YES_ERROR;
				CLANG_WARN_DOCUMENTATION_COMMENTS = YES;
				CLANG_WARN_EMPTY_BODY = YES;
				CLANG_WARN_ENUM_CONVERSION = YES;
				CLANG_WARN_INFINITE_RECURSION = YES;
				CLANG_WARN_INT_CONVERSION = YES;
				CLANG_WARN_NON_LITERAL_NULL_CONVERSION = YES;
				CLANG_WARN_OBJC_IMPLICIT_RETAIN_SELF = YES;
				CLANG_WARN_OBJC_LITERAL_CONVERSION = YES;
				CLANG_WARN_OBJC_ROOT_CLASS = YES_ERROR;
				CLANG_WARN_QUOTED_INCLUDE_IN_FRAMEWORK_HEADER = YES;
				CLANG_WARN_RANGE_LOOP_ANALYSIS = YES;
				CLANG_WARN_STRICT_PROTOTYPES = YES;
				CLANG_WARN_SUSPICIOUS_MOVE = YES;
				CLANG_WARN_UNGUARDED_AVAILABILITY = YES_AGGRESSIVE;
				CLANG_WARN_UNREACHABLE_CODE = YES;
				CLANG_WARN__DUPLICATE_METHOD_MATCH = YES;
				COPY_PHASE_STRIP = NO;
				DEBUG_INFORMATION_FORMAT = dwarf;
				ENABLE_STRICT_OBJC_MSGSEND = YES;
				ENABLE_TESTABILITY = YES;
				GCC_C_LANGUAGE_STANDARD = gnu11;
				GCC_DYNAMIC_NO_PIC = NO;
				GCC_NO_COMMON_BLOCKS = YES;
				GCC_OPTIMIZATION_LEVEL = 0;
				GCC_PREPROCESSOR_DEFINITIONS = (
					"DEBUG=1",
					"$(inherited)",
				);
				GCC_WARN_64_TO_32_BIT_CONVERSION = YES;
				GCC_WARN_ABOUT_RETURN_TYPE = YES_ERROR;
				GCC_WARN_UNDECLARED_SELECTOR = YES;
				GCC_WARN_UNINITIALIZED_AUTOS = YES_AGGRESSIVE;
				GCC_WARN_UNUSED_FUNCTION = YES;
				GCC_WARN_UNUSED_VARIABLE = YES;
				IPHONEOS_DEPLOYMENT_TARGET = 16.0;
				MTL_ENABLE_DEBUG_INFO = INCLUDE_SOURCE;
				MTL_FAST_MATH = YES;
				ONLY_ACTIVE_ARCH = YES;
				SDKROOT = iphoneos;
				SWIFT_ACTIVE_COMPILATION_CONDITIONS = DEBUG;
				SWIFT_OPTIMIZATION_LEVEL = "-Onone";
			};
			name = Debug;
		};
		6444328E2AB5F4E000106971 /* Release */ = {
			isa = XCBuildConfiguration;
			buildSettings = {
				ALWAYS_SEARCH_USER_PATHS = NO;
				CLANG_ANALYZER_NONNULL = YES;
				CLANG_ANALYZER_NUMBER_OBJECT_CONVERSION = YES_AGGRESSIVE;
				CLANG_CXX_LANGUAGE_STANDARD = "gnu++20";
				CLANG_ENABLE_MODULES = YES;
				CLANG_ENABLE_OBJC_ARC = YES;
				CLANG_ENABLE_OBJC_WEAK = YES;
				CLANG_WARN_BLOCK_CAPTURE_AUTORELEASING = YES;
				CLANG_WARN_BOOL_CONVERSION = YES;
				CLANG_WARN_COMMA = YES;
				CLANG_WARN_CONSTANT_CONVERSION = YES;
				CLANG_WARN_DEPRECATED_OBJC_IMPLEMENTATIONS = YES;
				CLANG_WARN_DIRECT_OBJC_ISA_USAGE = YES_ERROR;
				CLANG_WARN_DOCUMENTATION_COMMENTS = YES;
				CLANG_WARN_EMPTY_BODY = YES;
				CLANG_WARN_ENUM_CONVERSION = YES;
				CLANG_WARN_INFINITE_RECURSION = YES;
				CLANG_WARN_INT_CONVERSION = YES;
				CLANG_WARN_NON_LITERAL_NULL_CONVERSION = YES;
				CLANG_WARN_OBJC_IMPLICIT_RETAIN_SELF = YES;
				CLANG_WARN_OBJC_LITERAL_CONVERSION = YES;
				CLANG_WARN_OBJC_ROOT_CLASS = YES_ERROR;
				CLANG_WARN_QUOTED_INCLUDE_IN_FRAMEWORK_HEADER = YES;
				CLANG_WARN_RANGE_LOOP_ANALYSIS = YES;
				CLANG_WARN_STRICT_PROTOTYPES = YES;
				CLANG_WARN_SUSPICIOUS_MOVE = YES;
				CLANG_WARN_UNGUARDED_AVAILABILITY = YES_AGGRESSIVE;
				CLANG_WARN_UNREACHABLE_CODE = YES;
				CLANG_WARN__DUPLICATE_METHOD_MATCH = YES;
				COPY_PHASE_STRIP = NO;
				DEBUG_INFORMATION_FORMAT = "dwarf-with-dsym";
				ENABLE_NS_ASSERTIONS = NO;
				ENABLE_STRICT_OBJC_MSGSEND = YES;
				GCC_C_LANGUAGE_STANDARD = gnu11;
				GCC_NO_COMMON_BLOCKS = YES;
				GCC_WARN_64_TO_32_BIT_CONVERSION = YES;
				GCC_WARN_ABOUT_RETURN_TYPE = YES_ERROR;
				GCC_WARN_UNDECLARED_SELECTOR = YES;
				GCC_WARN_UNINITIALIZED_AUTOS = YES_AGGRESSIVE;
				GCC_WARN_UNUSED_FUNCTION = YES;
				GCC_WARN_UNUSED_VARIABLE = YES;
				IPHONEOS_DEPLOYMENT_TARGET = 16.0;
				MTL_ENABLE_DEBUG_INFO = NO;
				MTL_FAST_MATH = YES;
				SDKROOT = iphoneos;
				SWIFT_COMPILATION_MODE = wholemodule;
				SWIFT_OPTIMIZATION_LEVEL = "-O";
				VALIDATE_PRODUCT = YES;
			};
			name = Release;
		};
		644432902AB5F4E000106971 /* Debug */ = {
			isa = XCBuildConfiguration;
			buildSettings = {
				ASSETCATALOG_COMPILER_APPICON_NAME = AppIcon;
				ASSETCATALOG_COMPILER_GLOBAL_ACCENT_COLOR_NAME = AccentColor;
				CODE_SIGN_STYLE = Automatic;
				CURRENT_PROJECT_VERSION = 1;
				DEVELOPMENT_ASSET_PATHS = "\"ios-clean-arch-example/Preview Content\"";
				DEVELOPMENT_TEAM = QPDB6VC87J;
				ENABLE_PREVIEWS = YES;
				GENERATE_INFOPLIST_FILE = YES;
				INFOPLIST_KEY_UIApplicationSceneManifest_Generation = YES;
				INFOPLIST_KEY_UIApplicationSupportsIndirectInputEvents = YES;
				INFOPLIST_KEY_UILaunchScreen_Generation = YES;
				INFOPLIST_KEY_UISupportedInterfaceOrientations = UIInterfaceOrientationPortrait;
				INFOPLIST_KEY_UISupportedInterfaceOrientations_iPad = "UIInterfaceOrientationLandscapeLeft UIInterfaceOrientationLandscapeRight UIInterfaceOrientationPortrait UIInterfaceOrientationPortraitUpsideDown";
				IPHONEOS_DEPLOYMENT_TARGET = 16.0;
				LD_RUNPATH_SEARCH_PATHS = (
					"$(inherited)",
					"@executable_path/Frameworks",
				);
				MARKETING_VERSION = 1.0;
				PRODUCT_BUNDLE_IDENTIFIER = "co.iune.ios-clean-arch-example";
				PRODUCT_NAME = "$(TARGET_NAME)";
				SUPPORTED_PLATFORMS = "iphoneos iphonesimulator";
				SUPPORTS_MACCATALYST = NO;
				SUPPORTS_MAC_DESIGNED_FOR_IPHONE_IPAD = NO;
				SWIFT_EMIT_LOC_STRINGS = YES;
				SWIFT_VERSION = 5.0;
				TARGETED_DEVICE_FAMILY = 1;
			};
			name = Debug;
		};
		644432912AB5F4E000106971 /* Release */ = {
			isa = XCBuildConfiguration;
			buildSettings = {
				ASSETCATALOG_COMPILER_APPICON_NAME = AppIcon;
				ASSETCATALOG_COMPILER_GLOBAL_ACCENT_COLOR_NAME = AccentColor;
				CODE_SIGN_STYLE = Automatic;
				CURRENT_PROJECT_VERSION = 1;
				DEVELOPMENT_ASSET_PATHS = "\"ios-clean-arch-example/Preview Content\"";
				DEVELOPMENT_TEAM = QPDB6VC87J;
				ENABLE_PREVIEWS = YES;
				GENERATE_INFOPLIST_FILE = YES;
				INFOPLIST_KEY_UIApplicationSceneManifest_Generation = YES;
				INFOPLIST_KEY_UIApplicationSupportsIndirectInputEvents = YES;
				INFOPLIST_KEY_UILaunchScreen_Generation = YES;
				INFOPLIST_KEY_UISupportedInterfaceOrientations = UIInterfaceOrientationPortrait;
				INFOPLIST_KEY_UISupportedInterfaceOrientations_iPad = "UIInterfaceOrientationLandscapeLeft UIInterfaceOrientationLandscapeRight UIInterfaceOrientationPortrait UIInterfaceOrientationPortraitUpsideDown";
				IPHONEOS_DEPLOYMENT_TARGET = 16.0;
				LD_RUNPATH_SEARCH_PATHS = (
					"$(inherited)",
					"@executable_path/Frameworks",
				);
				MARKETING_VERSION = 1.0;
				PRODUCT_BUNDLE_IDENTIFIER = "co.iune.ios-clean-arch-example";
				PRODUCT_NAME = "$(TARGET_NAME)";
				SUPPORTED_PLATFORMS = "iphoneos iphonesimulator";
				SUPPORTS_MACCATALYST = NO;
				SUPPORTS_MAC_DESIGNED_FOR_IPHONE_IPAD = NO;
				SWIFT_EMIT_LOC_STRINGS = YES;
				SWIFT_VERSION = 5.0;
				TARGETED_DEVICE_FAMILY = 1;
			};
			name = Release;
		};
/* End XCBuildConfiguration section */

/* Begin XCConfigurationList section */
		6444327C2AB5F4DF00106971 /* Build configuration list for PBXProject "ios-clean-arch-example" */ = {
			isa = XCConfigurationList;
			buildConfigurations = (
				6444328D2AB5F4E000106971 /* Debug */,
				6444328E2AB5F4E000106971 /* Release */,
			);
			defaultConfigurationIsVisible = 0;
			defaultConfigurationName = Release;
		};
		6444328F2AB5F4E000106971 /* Build configuration list for PBXNativeTarget "ios-clean-arch-example" */ = {
			isa = XCConfigurationList;
			buildConfigurations = (
				644432902AB5F4E000106971 /* Debug */,
				644432912AB5F4E000106971 /* Release */,
			);
			defaultConfigurationIsVisible = 0;
			defaultConfigurationName = Release;
		};
/* End XCConfigurationList section */

/* Begin XCSwiftPackageProductDependency section */
		641977182AB60370004CFB78 /* feature.recipe */ = {
			isa = XCSwiftPackageProductDependency;
			productName = feature.recipe;
		};
		6419771A2AB60370004CFB78 /* infrastructure.dependencyContainer */ = {
			isa = XCSwiftPackageProductDependency;
			productName = infrastructure.dependencyContainer;
		};
		6419771C2AB60370004CFB78 /* infrastructure.dependencyManager */ = {
			isa = XCSwiftPackageProductDependency;
			productName = infrastructure.dependencyManager;
		};
/* End XCSwiftPackageProductDependency section */
	};
	rootObject = 644432792AB5F4DF00106971 /* Project object */;
}
